
Microsoft Visual Studio Solution File, Format Version 12.00
# Visual Studio Version 16
VisualStudioVersion = 16.0.30503.244
MinimumVisualStudioVersion = 10.0.40219.1
Project("{FAE04EC0-301F-11D3-BF4B-00C04F79EFBC}") = "OrganizationProfile", "OrganizationProfile\OrganizationProfile.csproj", "{DD13E7C7-3E90-4A83-A707-08D412E80F36}"
EndProject
Global
	GlobalSection(SolutionConfigurationPlatforms) = preSolution
		Debug|Any CPU = Debug|Any CPU
		Release|Any CPU = Release|Any CPU
	EndGlobalSection
	GlobalSection(ProjectConfigurationPlatforms) = postSolution
		{DD13E7C7-3E90-4A83-A707-08D412E80F36}.Debug|Any CPU.ActiveCfg = Debug|Any CPU
		{DD13E7C7-3E90-4A83-A707-08D412E80F36}.Debug|Any CPU.Build.0 = Debug|Any CPU
		{DD13E7C7-3E90-4A83-A707-08D412E80F36}.Release|Any CPU.ActiveCfg = Release|Any CPU
		{DD13E7C7-3E90-4A83-A707-08D412E80F36}.Release|Any CPU.Build.0 = Release|Any CPU
	EndGlobalSection
	GlobalSection(SolutionProperties) = preSolution
		HideSolutionNode = FALSE
	EndGlobalSection
	GlobalSection(ExtensibilityGlobals) = postSolution
		SolutionGuid = {D6B8233A-BDFA-4BD8-AC3C-89B37FDB139F}
	EndGlobalSection
EndGlobal
